
Microsoft Visual Studio Solution File, Format Version 12.00
# Visual Studio Version 17
VisualStudioVersion = 17.11.35327.3
MinimumVisualStudioVersion = 10.0.40219.1
Project("{FAE04EC0-301F-11D3-BF4B-00C04F79EFBC}") = "Grupp4", "Grupp4\Grupp4.csproj", "{AE92D485-A204-45D5-B071-3C28DF37C55E}"
EndProject
Global
	GlobalSection(SolutionConfigurationPlatforms) = preSolution
		Debug|Any CPU = Debug|Any CPU
		Release|Any CPU = Release|Any CPU
	EndGlobalSection
	GlobalSection(ProjectConfigurationPlatforms) = postSolution
		{AE92D485-A204-45D5-B071-3C28DF37C55E}.Debug|Any CPU.ActiveCfg = Debug|Any CPU
		{AE92D485-A204-45D5-B071-3C28DF37C55E}.Debug|Any CPU.Build.0 = Debug|Any CPU
		{AE92D485-A204-45D5-B071-3C28DF37C55E}.Release|Any CPU.ActiveCfg = Release|Any CPU
		{AE92D485-A204-45D5-B071-3C28DF37C55E}.Release|Any CPU.Build.0 = Release|Any CPU
	EndGlobalSection
	GlobalSection(SolutionProperties) = preSolution
		HideSolutionNode = FALSE
	EndGlobalSection
	GlobalSection(ExtensibilityGlobals) = postSolution
		SolutionGuid = {F31BB060-0444-4641-BCEF-BECCC9B477EA}
	EndGlobalSection
EndGlobal
